github.com/gorilla/mux v1.8.0 h1:i40aqfkR1h2SlN9hojwV5ZA91wcXFOvkdNIeFDP5koI=
github.com/gorilla/mux v1.8.0/go.mod h1:DVbg23sWSpFRCP0SfiEN6jmj59UnW/n46BH5rLB71So=
github.com/mkawserm/abesh v0.16.0 h1:lSEk97Ro6jknrpbDimJm0cJ/X6pVL+7OaT7xgwKMaa0=
github.com/mkawserm/abesh v0.16.0/go.mod h1:Zd54KzQI73+DptI7JA5vajbpaazEF3aaYEuH7J1P/y4=
